
Microsoft Visual Studio Solution File, Format Version 12.00
# Visual Studio Version 17
VisualStudioVersion = 17.2.32519.379
MinimumVisualStudioVersion = 10.0.40219.1
Project("{FAE04EC0-301F-11D3-BF4B-00C04F79EFBC}") = "CRMventas", "CRMventas.csproj", "{D3EB708C-A893-4385-A2E3-3E5BE8ECA2AB}"
EndProject
Global
	GlobalSection(SolutionConfigurationPlatforms) = preSolution
		Debug|Any CPU = Debug|Any CPU
		Release|Any CPU = Release|Any CPU
	EndGlobalSection
	GlobalSection(ProjectConfigurationPlatforms) = postSolution
		{D3EB708C-A893-4385-A2E3-3E5BE8ECA2AB}.Debug|Any CPU.ActiveCfg = Debug|Any CPU
		{D3EB708C-A893-4385-A2E3-3E5BE8ECA2AB}.Debug|Any CPU.Build.0 = Debug|Any CPU
		{D3EB708C-A893-4385-A2E3-3E5BE8ECA2AB}.Release|Any CPU.ActiveCfg = Release|Any CPU
		{D3EB708C-A893-4385-A2E3-3E5BE8ECA2AB}.Release|Any CPU.Build.0 = Release|Any CPU
	EndGlobalSection
	GlobalSection(SolutionProperties) = preSolution
		HideSolutionNode = FALSE
	EndGlobalSection
	GlobalSection(ExtensibilityGlobals) = postSolution
		SolutionGuid = {EE34FA4A-CD77-45C0-9EC4-6540980AAFA4}
	EndGlobalSection
EndGlobal
